
Microsoft Visual Studio Solution File, Format Version 12.00
# Visual Studio 2013
VisualStudioVersion = 12.0.30110.0
MinimumVisualStudioVersion = 10.0.40219.1
Project("{FAE04EC0-301F-11D3-BF4B-00C04F79EFBC}") = "EasyFarm", "EasyFarm\EasyFarm.csproj", "{14508978-627B-46AE-9779-1F6B4FB0611E}"
EndProject
Project("{FAE04EC0-301F-11D3-BF4B-00C04F79EFBC}") = "BehaviorLibrary", "..\BehaviorLibrary\BehaviorLibrary\BehaviorLibrary.csproj", "{CC824B6F-6145-485F-9604-FB94F0ECACA7}"
EndProject
Project("{FAE04EC0-301F-11D3-BF4B-00C04F79EFBC}") = "EasyFarm.Views", "EasyFarm.Views\EasyFarm.Views.csproj", "{62EF92F9-8A09-4A6F-9A8E-ADBA3CFBAE78}"
EndProject
Project("{FAE04EC0-301F-11D3-BF4B-00C04F79EFBC}") = "EasyFarm.ViewModels", "EasyFarm.ViewModels\EasyFarm.ViewModels.csproj", "{5F15617E-782C-4987-BFCA-A64CA001F5DA}"
EndProject
Global
	GlobalSection(SolutionConfigurationPlatforms) = preSolution
		Debug|Any CPU = Debug|Any CPU
		Debug|Mixed Platforms = Debug|Mixed Platforms
		Debug|x86 = Debug|x86
		Release|Any CPU = Release|Any CPU
		Release|Mixed Platforms = Release|Mixed Platforms
		Release|x86 = Release|x86
	EndGlobalSection
	GlobalSection(ProjectConfigurationPlatforms) = postSolution
		{14508978-627B-46AE-9779-1F6B4FB0611E}.Debug|Any CPU.ActiveCfg = Debug|x86
		{14508978-627B-46AE-9779-1F6B4FB0611E}.Debug|Mixed Platforms.ActiveCfg = Debug|x86
		{14508978-627B-46AE-9779-1F6B4FB0611E}.Debug|Mixed Platforms.Build.0 = Debug|x86
		{14508978-627B-46AE-9779-1F6B4FB0611E}.Debug|x86.ActiveCfg = Debug|x86
		{14508978-627B-46AE-9779-1F6B4FB0611E}.Debug|x86.Build.0 = Debug|x86
		{14508978-627B-46AE-9779-1F6B4FB0611E}.Release|Any CPU.ActiveCfg = Release|x86
		{14508978-627B-46AE-9779-1F6B4FB0611E}.Release|Mixed Platforms.ActiveCfg = Release|x86
		{14508978-627B-46AE-9779-1F6B4FB0611E}.Release|Mixed Platforms.Build.0 = Release|x86
		{14508978-627B-46AE-9779-1F6B4FB0611E}.Release|x86.ActiveCfg = Release|x86
		{14508978-627B-46AE-9779-1F6B4FB0611E}.Release|x86.Build.0 = Release|x86
		{CC824B6F-6145-485F-9604-FB94F0ECACA7}.Debug|Any CPU.ActiveCfg = Debug|Any CPU
		{CC824B6F-6145-485F-9604-FB94F0ECACA7}.Debug|Any CPU.Build.0 = Debug|Any CPU
		{CC824B6F-6145-485F-9604-FB94F0ECACA7}.Debug|Mixed Platforms.ActiveCfg = Debug|Any CPU
		{CC824B6F-6145-485F-9604-FB94F0ECACA7}.Debug|Mixed Platforms.Build.0 = Debug|Any CPU
		{CC824B6F-6145-485F-9604-FB94F0ECACA7}.Debug|x86.ActiveCfg = Debug|Any CPU
		{CC824B6F-6145-485F-9604-FB94F0ECACA7}.Release|Any CPU.ActiveCfg = Release|Any CPU
		{CC824B6F-6145-485F-9604-FB94F0ECACA7}.Release|Any CPU.Build.0 = Release|Any CPU
		{CC824B6F-6145-485F-9604-FB94F0ECACA7}.Release|Mixed Platforms.ActiveCfg = Release|Any CPU
		{CC824B6F-6145-485F-9604-FB94F0ECACA7}.Release|Mixed Platforms.Build.0 = Release|Any CPU
		{CC824B6F-6145-485F-9604-FB94F0ECACA7}.Release|x86.ActiveCfg = Release|Any CPU
		{62EF92F9-8A09-4A6F-9A8E-ADBA3CFBAE78}.Debug|Any CPU.ActiveCfg = Debug|Any CPU
		{62EF92F9-8A09-4A6F-9A8E-ADBA3CFBAE78}.Debug|Any CPU.Build.0 = Debug|Any CPU
		{62EF92F9-8A09-4A6F-9A8E-ADBA3CFBAE78}.Debug|Mixed Platforms.ActiveCfg = Debug|Any CPU
		{62EF92F9-8A09-4A6F-9A8E-ADBA3CFBAE78}.Debug|Mixed Platforms.Build.0 = Debug|Any CPU
		{62EF92F9-8A09-4A6F-9A8E-ADBA3CFBAE78}.Debug|x86.ActiveCfg = Debug|Any CPU
		{62EF92F9-8A09-4A6F-9A8E-ADBA3CFBAE78}.Release|Any CPU.ActiveCfg = Release|Any CPU
		{62EF92F9-8A09-4A6F-9A8E-ADBA3CFBAE78}.Release|Any CPU.Build.0 = Release|Any CPU
		{62EF92F9-8A09-4A6F-9A8E-ADBA3CFBAE78}.Release|Mixed Platforms.ActiveCfg = Release|Any CPU
		{62EF92F9-8A09-4A6F-9A8E-ADBA3CFBAE78}.Release|Mixed Platforms.Build.0 = Release|Any CPU
		{62EF92F9-8A09-4A6F-9A8E-ADBA3CFBAE78}.Release|x86.ActiveCfg = Release|Any CPU
		{5F15617E-782C-4987-BFCA-A64CA001F5DA}.Debug|Any CPU.ActiveCfg = Debug|Any CPU
		{5F15617E-782C-4987-BFCA-A64CA001F5DA}.Debug|Any CPU.Build.0 = Debug|Any CPU
		{5F15617E-782C-4987-BFCA-A64CA001F5DA}.Debug|Mixed Platforms.ActiveCfg = Debug|Any CPU
		{5F15617E-782C-4987-BFCA-A64CA001F5DA}.Debug|Mixed Platforms.Build.0 = Debug|Any CPU
		{5F15617E-782C-4987-BFCA-A64CA001F5DA}.Debug|x86.ActiveCfg = Debug|Any CPU
		{5F15617E-782C-4987-BFCA-A64CA001F5DA}.Release|Any CPU.ActiveCfg = Release|Any CPU
		{5F15617E-782C-4987-BFCA-A64CA001F5DA}.Release|Any CPU.Build.0 = Release|Any CPU
		{5F15617E-782C-4987-BFCA-A64CA001F5DA}.Release|Mixed Platforms.ActiveCfg = Release|Any CPU
		{5F15617E-782C-4987-BFCA-A64CA001F5DA}.Release|Mixed Platforms.Build.0 = Release|Any CPU
		{5F15617E-782C-4987-BFCA-A64CA001F5DA}.Release|x86.ActiveCfg = Release|Any CPU
	EndGlobalSection
	GlobalSection(SolutionProperties) = preSolution
		HideSolutionNode = FALSE
	EndGlobalSection
EndGlobal
