
Microsoft Visual Studio Solution File, Format Version 12.00
# Visual Studio 2013
VisualStudioVersion = 12.0.31101.0
MinimumVisualStudioVersion = 10.0.40219.1
Project("{FAE04EC0-301F-11D3-BF4B-00C04F79EFBC}") = "EasyFarm", "EasyFarm\EasyFarm.csproj", "{14508978-627B-46AE-9779-1F6B4FB0611E}"
	ProjectSection(ProjectDependencies) = postProject
		{7008DAF7-D3AA-41A4-9D85-8EC168D5D372} = {7008DAF7-D3AA-41A4-9D85-8EC168D5D372}
	EndProjectSection
EndProject
Project("{FAE04EC0-301F-11D3-BF4B-00C04F79EFBC}") = "EasyFarm.Tests", "EasyFarmTests\EasyFarm.Tests.csproj", "{A55B26A6-570A-49D8-B524-51B075D126ED}"
EndProject
Project("{FAE04EC0-301F-11D3-BF4B-00C04F79EFBC}") = "Parsing", "Parsing\Parsing.csproj", "{7008DAF7-D3AA-41A4-9D85-8EC168D5D372}"
EndProject
Project("{FAE04EC0-301F-11D3-BF4B-00C04F79EFBC}") = "ParsingTests", "ParsingTests\ParsingTests.csproj", "{6ABC39D8-0D98-4C4A-9D4D-F9A196829357}"
EndProject
Global
	GlobalSection(SolutionConfigurationPlatforms) = preSolution
		Debug|Any CPU = Debug|Any CPU
		Debug|Mixed Platforms = Debug|Mixed Platforms
		Debug|x86 = Debug|x86
		Release|Any CPU = Release|Any CPU
		Release|Mixed Platforms = Release|Mixed Platforms
		Release|x86 = Release|x86
	EndGlobalSection
	GlobalSection(ProjectConfigurationPlatforms) = postSolution
		{14508978-627B-46AE-9779-1F6B4FB0611E}.Debug|Any CPU.ActiveCfg = Debug|Any CPU
		{14508978-627B-46AE-9779-1F6B4FB0611E}.Debug|Any CPU.Build.0 = Debug|Any CPU
		{14508978-627B-46AE-9779-1F6B4FB0611E}.Debug|Mixed Platforms.ActiveCfg = Debug|x86
		{14508978-627B-46AE-9779-1F6B4FB0611E}.Debug|Mixed Platforms.Build.0 = Debug|x86
		{14508978-627B-46AE-9779-1F6B4FB0611E}.Debug|x86.ActiveCfg = Debug|Any CPU
		{14508978-627B-46AE-9779-1F6B4FB0611E}.Debug|x86.Build.0 = Debug|Any CPU
		{14508978-627B-46AE-9779-1F6B4FB0611E}.Release|Any CPU.ActiveCfg = Release|Any CPU
		{14508978-627B-46AE-9779-1F6B4FB0611E}.Release|Any CPU.Build.0 = Release|Any CPU
		{14508978-627B-46AE-9779-1F6B4FB0611E}.Release|Mixed Platforms.ActiveCfg = Release|x86
		{14508978-627B-46AE-9779-1F6B4FB0611E}.Release|Mixed Platforms.Build.0 = Release|x86
		{14508978-627B-46AE-9779-1F6B4FB0611E}.Release|x86.ActiveCfg = Release|x86
		{14508978-627B-46AE-9779-1F6B4FB0611E}.Release|x86.Build.0 = Release|x86
		{A55B26A6-570A-49D8-B524-51B075D126ED}.Debug|Any CPU.ActiveCfg = Debug|Any CPU
		{A55B26A6-570A-49D8-B524-51B075D126ED}.Debug|Any CPU.Build.0 = Debug|Any CPU
		{A55B26A6-570A-49D8-B524-51B075D126ED}.Debug|Mixed Platforms.ActiveCfg = Debug|Any CPU
		{A55B26A6-570A-49D8-B524-51B075D126ED}.Debug|Mixed Platforms.Build.0 = Debug|Any CPU
		{A55B26A6-570A-49D8-B524-51B075D126ED}.Debug|x86.ActiveCfg = Debug|Any CPU
		{A55B26A6-570A-49D8-B524-51B075D126ED}.Debug|x86.Build.0 = Debug|Any CPU
		{A55B26A6-570A-49D8-B524-51B075D126ED}.Release|Any CPU.ActiveCfg = Release|Any CPU
		{A55B26A6-570A-49D8-B524-51B075D126ED}.Release|Any CPU.Build.0 = Release|Any CPU
		{A55B26A6-570A-49D8-B524-51B075D126ED}.Release|Mixed Platforms.ActiveCfg = Release|Any CPU
		{A55B26A6-570A-49D8-B524-51B075D126ED}.Release|Mixed Platforms.Build.0 = Release|Any CPU
		{A55B26A6-570A-49D8-B524-51B075D126ED}.Release|x86.ActiveCfg = Release|x86
		{A55B26A6-570A-49D8-B524-51B075D126ED}.Release|x86.Build.0 = Release|x86
		{7008DAF7-D3AA-41A4-9D85-8EC168D5D372}.Debug|Any CPU.ActiveCfg = Debug|Any CPU
		{7008DAF7-D3AA-41A4-9D85-8EC168D5D372}.Debug|Any CPU.Build.0 = Debug|Any CPU
		{7008DAF7-D3AA-41A4-9D85-8EC168D5D372}.Debug|Mixed Platforms.ActiveCfg = Debug|Any CPU
		{7008DAF7-D3AA-41A4-9D85-8EC168D5D372}.Debug|Mixed Platforms.Build.0 = Debug|Any CPU
		{7008DAF7-D3AA-41A4-9D85-8EC168D5D372}.Debug|x86.ActiveCfg = Debug|Any CPU
		{7008DAF7-D3AA-41A4-9D85-8EC168D5D372}.Release|Any CPU.ActiveCfg = Release|Any CPU
		{7008DAF7-D3AA-41A4-9D85-8EC168D5D372}.Release|Any CPU.Build.0 = Release|Any CPU
		{7008DAF7-D3AA-41A4-9D85-8EC168D5D372}.Release|Mixed Platforms.ActiveCfg = Release|Any CPU
		{7008DAF7-D3AA-41A4-9D85-8EC168D5D372}.Release|Mixed Platforms.Build.0 = Release|Any CPU
		{7008DAF7-D3AA-41A4-9D85-8EC168D5D372}.Release|x86.ActiveCfg = Release|x86
		{7008DAF7-D3AA-41A4-9D85-8EC168D5D372}.Release|x86.Build.0 = Release|x86
		{6ABC39D8-0D98-4C4A-9D4D-F9A196829357}.Debug|Any CPU.ActiveCfg = Debug|Any CPU
		{6ABC39D8-0D98-4C4A-9D4D-F9A196829357}.Debug|Any CPU.Build.0 = Debug|Any CPU
		{6ABC39D8-0D98-4C4A-9D4D-F9A196829357}.Debug|Mixed Platforms.ActiveCfg = Debug|Any CPU
		{6ABC39D8-0D98-4C4A-9D4D-F9A196829357}.Debug|Mixed Platforms.Build.0 = Debug|Any CPU
		{6ABC39D8-0D98-4C4A-9D4D-F9A196829357}.Debug|x86.ActiveCfg = Debug|Any CPU
		{6ABC39D8-0D98-4C4A-9D4D-F9A196829357}.Release|Any CPU.ActiveCfg = Release|Any CPU
		{6ABC39D8-0D98-4C4A-9D4D-F9A196829357}.Release|Any CPU.Build.0 = Release|Any CPU
		{6ABC39D8-0D98-4C4A-9D4D-F9A196829357}.Release|Mixed Platforms.ActiveCfg = Release|Any CPU
		{6ABC39D8-0D98-4C4A-9D4D-F9A196829357}.Release|Mixed Platforms.Build.0 = Release|Any CPU
		{6ABC39D8-0D98-4C4A-9D4D-F9A196829357}.Release|x86.ActiveCfg = Release|x86
		{6ABC39D8-0D98-4C4A-9D4D-F9A196829357}.Release|x86.Build.0 = Release|x86
	EndGlobalSection
	GlobalSection(SolutionProperties) = preSolution
		HideSolutionNode = FALSE
	EndGlobalSection
	GlobalSection(ExtensibilityGlobals) = postSolution
		EnterpriseLibraryConfigurationToolBinariesPathV6 = packages\EnterpriseLibrary.Common.6.0.1304.0\lib\NET45;packages\EnterpriseLibrary.Logging.6.0.1304.0\lib\NET45
	EndGlobalSection
EndGlobal
